
Microsoft Visual Studio Solution File, Format Version 12.00
# Visual Studio Version 18
VisualStudioVersion = 18.3.11520.95 d18.3
MinimumVisualStudioVersion = 10.0.40219.1
Project("{FAE04EC0-301F-11D3-BF4B-00C04F79EFBC}") = "Romert", "Romert.csproj", "{19486693-CEF3-1BCF-8EA3-69AC87AD3CC0}"
EndProject
Global
	GlobalSection(SolutionConfigurationPlatforms) = preSolution
		Debug|Any CPU = Debug|Any CPU
		Release|Any CPU = Release|Any CPU
	EndGlobalSection
	GlobalSection(ProjectConfigurationPlatforms) = postSolution
		{19486693-CEF3-1BCF-8EA3-69AC87AD3CC0}.Debug|Any CPU.ActiveCfg = Debug|Any CPU
		{19486693-CEF3-1BCF-8EA3-69AC87AD3CC0}.Debug|Any CPU.Build.0 = Debug|Any CPU
		{19486693-CEF3-1BCF-8EA3-69AC87AD3CC0}.Release|Any CPU.ActiveCfg = Release|Any CPU
		{19486693-CEF3-1BCF-8EA3-69AC87AD3CC0}.Release|Any CPU.Build.0 = Release|Any CPU
	EndGlobalSection
	GlobalSection(SolutionProperties) = preSolution
		HideSolutionNode = FALSE
	EndGlobalSection
	GlobalSection(ExtensibilityGlobals) = postSolution
		SolutionGuid = {0ED12128-22EB-4130-B414-E64488BAEA5F}
	EndGlobalSection
EndGlobal
